
Microsoft Visual Studio Solution File, Format Version 12.00
# Visual Studio 15
VisualStudioVersion = 15.0.27428.2015
MinimumVisualStudioVersion = 10.0.40219.1
Project("{FAE04EC0-301F-11D3-BF4B-00C04F79EFBC}") = "Hmurt", "Hmurt\Hmurt.csproj", "{D75424A9-4509-4190-9951-81D05894108C}"
EndProject
Project("{E53339B2-1760-4266-BCC7-CA923CBCF16C}") = "docker-compose", "docker-compose.dcproj", "{980B14BE-0FBE-4D07-90DC-A410CAB7FF1A}"
EndProject
Global
	GlobalSection(SolutionConfigurationPlatforms) = preSolution
		Debug|Any CPU = Debug|Any CPU
		Release|Any CPU = Release|Any CPU
	EndGlobalSection
	GlobalSection(ProjectConfigurationPlatforms) = postSolution
		{D75424A9-4509-4190-9951-81D05894108C}.Debug|Any CPU.ActiveCfg = Debug|Any CPU
		{D75424A9-4509-4190-9951-81D05894108C}.Debug|Any CPU.Build.0 = Debug|Any CPU
		{D75424A9-4509-4190-9951-81D05894108C}.Release|Any CPU.ActiveCfg = Release|Any CPU
		{D75424A9-4509-4190-9951-81D05894108C}.Release|Any CPU.Build.0 = Release|Any CPU
		{980B14BE-0FBE-4D07-90DC-A410CAB7FF1A}.Debug|Any CPU.ActiveCfg = Debug|Any CPU
		{980B14BE-0FBE-4D07-90DC-A410CAB7FF1A}.Debug|Any CPU.Build.0 = Debug|Any CPU
		{980B14BE-0FBE-4D07-90DC-A410CAB7FF1A}.Release|Any CPU.ActiveCfg = Release|Any CPU
		{980B14BE-0FBE-4D07-90DC-A410CAB7FF1A}.Release|Any CPU.Build.0 = Release|Any CPU
	EndGlobalSection
	GlobalSection(SolutionProperties) = preSolution
		HideSolutionNode = FALSE
	EndGlobalSection
	GlobalSection(ExtensibilityGlobals) = postSolution
		SolutionGuid = {76C6B220-9BFD-465B-8A33-9D04EDADDA22}
	EndGlobalSection
EndGlobal
